
Microsoft Visual Studio Solution File, Format Version 12.00
# Visual Studio 15
VisualStudioVersion = 15.0.27130.2027
MinimumVisualStudioVersion = 10.0.40219.1
Project("{FAE04EC0-301F-11D3-BF4B-00C04F79EFBC}") = "Knn", "Knn\Knn.csproj", "{50910B84-99C9-4811-965A-ECA06540593D}"
EndProject
Project("{FAE04EC0-301F-11D3-BF4B-00C04F79EFBC}") = "Knn.Application", "Knn.Application\Knn.Application.csproj", "{4E8BDC68-0155-4732-9D45-F5E87BCFEB97}"
EndProject
Global
	GlobalSection(SolutionConfigurationPlatforms) = preSolution
		Debug|Any CPU = Debug|Any CPU
		Release|Any CPU = Release|Any CPU
	EndGlobalSection
	GlobalSection(ProjectConfigurationPlatforms) = postSolution
		{50910B84-99C9-4811-965A-ECA06540593D}.Debug|Any CPU.ActiveCfg = Debug|Any CPU
		{50910B84-99C9-4811-965A-ECA06540593D}.Debug|Any CPU.Build.0 = Debug|Any CPU
		{50910B84-99C9-4811-965A-ECA06540593D}.Release|Any CPU.ActiveCfg = Release|Any CPU
		{50910B84-99C9-4811-965A-ECA06540593D}.Release|Any CPU.Build.0 = Release|Any CPU
		{4E8BDC68-0155-4732-9D45-F5E87BCFEB97}.Debug|Any CPU.ActiveCfg = Debug|Any CPU
		{4E8BDC68-0155-4732-9D45-F5E87BCFEB97}.Debug|Any CPU.Build.0 = Debug|Any CPU
		{4E8BDC68-0155-4732-9D45-F5E87BCFEB97}.Release|Any CPU.ActiveCfg = Release|Any CPU
		{4E8BDC68-0155-4732-9D45-F5E87BCFEB97}.Release|Any CPU.Build.0 = Release|Any CPU
	EndGlobalSection
	GlobalSection(SolutionProperties) = preSolution
		HideSolutionNode = FALSE
	EndGlobalSection
	GlobalSection(ExtensibilityGlobals) = postSolution
		SolutionGuid = {83E3DFAE-647E-487C-B5B6-1060C24ABB45}
	EndGlobalSection
EndGlobal
